{
  "name": "kspr-ai",
  "version": "0.1.0",
  "lockfileVersion": 3,
  "requires": true,
  "packages": {
    "": {
      "name": "kspr-ai",
      "version": "0.1.0",
      "license": "MIT",
      "bin": {
        "kspr": "bin/kspr.js"
      },
      "engines": {
        "node": ">=18.0.0"
      }
    }
  }
}
